
Microsoft Visual Studio Solution File, Format Version 12.00
# Visual Studio Version 16
VisualStudioVersion = 16.0.29926.136
MinimumVisualStudioVersion = 10.0.40219.1
Project("{FAE04EC0-301F-11D3-BF4B-00C04F79EFBC}") = "CollectionsExercises", "CollectionsExercises\CollectionsExercises.csproj", "{3FC7CFB3-755A-46FB-AD62-18BFC820207C}"
EndProject
Project("{FAE04EC0-301F-11D3-BF4B-00C04F79EFBC}") = "CollectionsExercisesTests", "CollectionsExercisesTests\CollectionsExercisesTests.csproj", "{42CC840F-81C5-4198-B8AE-CABEBAF0A0B8}"
EndProject
Global
	GlobalSection(SolutionConfigurationPlatforms) = preSolution
		Debug|Any CPU = Debug|Any CPU
		Release|Any CPU = Release|Any CPU
	EndGlobalSection
	GlobalSection(ProjectConfigurationPlatforms) = postSolution
		{3FC7CFB3-755A-46FB-AD62-18BFC820207C}.Debug|Any CPU.ActiveCfg = Debug|Any CPU
		{3FC7CFB3-755A-46FB-AD62-18BFC820207C}.Debug|Any CPU.Build.0 = Debug|Any CPU
		{3FC7CFB3-755A-46FB-AD62-18BFC820207C}.Release|Any CPU.ActiveCfg = Release|Any CPU
		{3FC7CFB3-755A-46FB-AD62-18BFC820207C}.Release|Any CPU.Build.0 = Release|Any CPU
		{42CC840F-81C5-4198-B8AE-CABEBAF0A0B8}.Debug|Any CPU.ActiveCfg = Debug|Any CPU
		{42CC840F-81C5-4198-B8AE-CABEBAF0A0B8}.Debug|Any CPU.Build.0 = Debug|Any CPU
		{42CC840F-81C5-4198-B8AE-CABEBAF0A0B8}.Release|Any CPU.ActiveCfg = Release|Any CPU
		{42CC840F-81C5-4198-B8AE-CABEBAF0A0B8}.Release|Any CPU.Build.0 = Release|Any CPU
	EndGlobalSection
	GlobalSection(SolutionProperties) = preSolution
		HideSolutionNode = FALSE
	EndGlobalSection
	GlobalSection(ExtensibilityGlobals) = postSolution
		SolutionGuid = {B9A820AC-638F-4828-A75D-B3E60291D4AF}
	EndGlobalSection
EndGlobal
