
Microsoft Visual Studio Solution File, Format Version 12.00
# Visual Studio Version 16
VisualStudioVersion = 16.0.29926.136
MinimumVisualStudioVersion = 10.0.40219.1
Project("{FAE04EC0-301F-11D3-BF4B-00C04F79EFBC}") = "SumDiv3or5Test", "SumDiv3or5Test\SumDiv3or5Test.csproj", "{1BDEA9D3-18A3-4CCB-8610-7E9EB075C24E}"
EndProject
Project("{FAE04EC0-301F-11D3-BF4B-00C04F79EFBC}") = "SumDiv3or5Calc", "SumDiv3or5Calc\SumDiv3or5Calc.csproj", "{4C415525-4B13-4CBE-8A5F-430DAE9A6445}"
EndProject
Global
	GlobalSection(SolutionConfigurationPlatforms) = preSolution
		Debug|Any CPU = Debug|Any CPU
		Release|Any CPU = Release|Any CPU
	EndGlobalSection
	GlobalSection(ProjectConfigurationPlatforms) = postSolution
		{1BDEA9D3-18A3-4CCB-8610-7E9EB075C24E}.Debug|Any CPU.ActiveCfg = Debug|Any CPU
		{1BDEA9D3-18A3-4CCB-8610-7E9EB075C24E}.Debug|Any CPU.Build.0 = Debug|Any CPU
		{1BDEA9D3-18A3-4CCB-8610-7E9EB075C24E}.Release|Any CPU.ActiveCfg = Release|Any CPU
		{1BDEA9D3-18A3-4CCB-8610-7E9EB075C24E}.Release|Any CPU.Build.0 = Release|Any CPU
		{4C415525-4B13-4CBE-8A5F-430DAE9A6445}.Debug|Any CPU.ActiveCfg = Debug|Any CPU
		{4C415525-4B13-4CBE-8A5F-430DAE9A6445}.Debug|Any CPU.Build.0 = Debug|Any CPU
		{4C415525-4B13-4CBE-8A5F-430DAE9A6445}.Release|Any CPU.ActiveCfg = Release|Any CPU
		{4C415525-4B13-4CBE-8A5F-430DAE9A6445}.Release|Any CPU.Build.0 = Release|Any CPU
	EndGlobalSection
	GlobalSection(SolutionProperties) = preSolution
		HideSolutionNode = FALSE
	EndGlobalSection
	GlobalSection(ExtensibilityGlobals) = postSolution
		SolutionGuid = {1EBFC7C6-390D-4773-A6BD-F5701D36506A}
	EndGlobalSection
EndGlobal
