
Microsoft Visual Studio Solution File, Format Version 12.00
# Visual Studio Version 16
VisualStudioVersion = 16.0.29926.136
MinimumVisualStudioVersion = 10.0.40219.1
Project("{FAE04EC0-301F-11D3-BF4B-00C04F79EFBC}") = "ChocExercise", "ChocExercise\ChocExercise.csproj", "{905BAF74-DFC1-4AAD-B10E-48CDAD9356D2}"
EndProject
Project("{FAE04EC0-301F-11D3-BF4B-00C04F79EFBC}") = "ChocExerciseTest", "ChocExerciseTest\ChocExerciseTest.csproj", "{03879561-3748-4BC8-8CDC-8A0C3A8D55ED}"
EndProject
Global
	GlobalSection(SolutionConfigurationPlatforms) = preSolution
		Debug|Any CPU = Debug|Any CPU
		Release|Any CPU = Release|Any CPU
	EndGlobalSection
	GlobalSection(ProjectConfigurationPlatforms) = postSolution
		{905BAF74-DFC1-4AAD-B10E-48CDAD9356D2}.Debug|Any CPU.ActiveCfg = Debug|Any CPU
		{905BAF74-DFC1-4AAD-B10E-48CDAD9356D2}.Debug|Any CPU.Build.0 = Debug|Any CPU
		{905BAF74-DFC1-4AAD-B10E-48CDAD9356D2}.Release|Any CPU.ActiveCfg = Release|Any CPU
		{905BAF74-DFC1-4AAD-B10E-48CDAD9356D2}.Release|Any CPU.Build.0 = Release|Any CPU
		{03879561-3748-4BC8-8CDC-8A0C3A8D55ED}.Debug|Any CPU.ActiveCfg = Debug|Any CPU
		{03879561-3748-4BC8-8CDC-8A0C3A8D55ED}.Debug|Any CPU.Build.0 = Debug|Any CPU
		{03879561-3748-4BC8-8CDC-8A0C3A8D55ED}.Release|Any CPU.ActiveCfg = Release|Any CPU
		{03879561-3748-4BC8-8CDC-8A0C3A8D55ED}.Release|Any CPU.Build.0 = Release|Any CPU
	EndGlobalSection
	GlobalSection(SolutionProperties) = preSolution
		HideSolutionNode = FALSE
	EndGlobalSection
	GlobalSection(ExtensibilityGlobals) = postSolution
		SolutionGuid = {A3DB1D5C-B06C-4B84-BF54-78E34620C6EB}
	EndGlobalSection
EndGlobal
