
Microsoft Visual Studio Solution File, Format Version 12.00
# Visual Studio Version 16
VisualStudioVersion = 16.0.29926.136
MinimumVisualStudioVersion = 10.0.40219.1
Project("{9A19103F-16F7-4668-BE54-9A1E7A4F7556}") = "RadioApp", "RadioApp\RadioApp.csproj", "{0B6EAE98-13C7-4BD3-B99E-AD2C4880E798}"
EndProject
Project("{9A19103F-16F7-4668-BE54-9A1E7A4F7556}") = "RadioTests", "RadioTests\RadioTests.csproj", "{A7827AE3-ACFC-4AD1-8BD6-AFB33F02F59B}"
EndProject
Project("{FAE04EC0-301F-11D3-BF4B-00C04F79EFBC}") = "RadioAppWPF", "RadioAppWPF\RadioAppWPF.csproj", "{6CA39EE0-62CC-4C3C-B9BD-9427219718C5}"
EndProject
Global
	GlobalSection(SolutionConfigurationPlatforms) = preSolution
		Debug|Any CPU = Debug|Any CPU
		Release|Any CPU = Release|Any CPU
	EndGlobalSection
	GlobalSection(ProjectConfigurationPlatforms) = postSolution
		{0B6EAE98-13C7-4BD3-B99E-AD2C4880E798}.Debug|Any CPU.ActiveCfg = Debug|Any CPU
		{0B6EAE98-13C7-4BD3-B99E-AD2C4880E798}.Debug|Any CPU.Build.0 = Debug|Any CPU
		{0B6EAE98-13C7-4BD3-B99E-AD2C4880E798}.Release|Any CPU.ActiveCfg = Release|Any CPU
		{0B6EAE98-13C7-4BD3-B99E-AD2C4880E798}.Release|Any CPU.Build.0 = Release|Any CPU
		{A7827AE3-ACFC-4AD1-8BD6-AFB33F02F59B}.Debug|Any CPU.ActiveCfg = Debug|Any CPU
		{A7827AE3-ACFC-4AD1-8BD6-AFB33F02F59B}.Debug|Any CPU.Build.0 = Debug|Any CPU
		{A7827AE3-ACFC-4AD1-8BD6-AFB33F02F59B}.Release|Any CPU.ActiveCfg = Release|Any CPU
		{A7827AE3-ACFC-4AD1-8BD6-AFB33F02F59B}.Release|Any CPU.Build.0 = Release|Any CPU
		{6CA39EE0-62CC-4C3C-B9BD-9427219718C5}.Debug|Any CPU.ActiveCfg = Debug|Any CPU
		{6CA39EE0-62CC-4C3C-B9BD-9427219718C5}.Debug|Any CPU.Build.0 = Debug|Any CPU
		{6CA39EE0-62CC-4C3C-B9BD-9427219718C5}.Release|Any CPU.ActiveCfg = Release|Any CPU
		{6CA39EE0-62CC-4C3C-B9BD-9427219718C5}.Release|Any CPU.Build.0 = Release|Any CPU
	EndGlobalSection
	GlobalSection(SolutionProperties) = preSolution
		HideSolutionNode = FALSE
	EndGlobalSection
	GlobalSection(ExtensibilityGlobals) = postSolution
		SolutionGuid = {0E13CDA1-A459-4AAC-A8BC-63C7E72450CE}
	EndGlobalSection
EndGlobal
