
Microsoft Visual Studio Solution File, Format Version 12.00
# Visual Studio Version 16
VisualStudioVersion = 16.0.30711.63
MinimumVisualStudioVersion = 10.0.40219.1
Project("{9A19103F-16F7-4668-BE54-9A1E7A4F7556}") = "SafariPark", "SafariPark\SafariPark.csproj", "{BE12D1E0-FB46-49B8-A408-5BF94DB75806}"
EndProject
Project("{FAE04EC0-301F-11D3-BF4B-00C04F79EFBC}") = "SafariPartTEST", "SafariPartTEST\SafariPartTEST.csproj", "{BED90047-636C-4551-8D80-2E6F80FC2D53}"
EndProject
Global
	GlobalSection(SolutionConfigurationPlatforms) = preSolution
		Debug|Any CPU = Debug|Any CPU
		Release|Any CPU = Release|Any CPU
	EndGlobalSection
	GlobalSection(ProjectConfigurationPlatforms) = postSolution
		{BE12D1E0-FB46-49B8-A408-5BF94DB75806}.Debug|Any CPU.ActiveCfg = Debug|Any CPU
		{BE12D1E0-FB46-49B8-A408-5BF94DB75806}.Debug|Any CPU.Build.0 = Debug|Any CPU
		{BE12D1E0-FB46-49B8-A408-5BF94DB75806}.Release|Any CPU.ActiveCfg = Release|Any CPU
		{BE12D1E0-FB46-49B8-A408-5BF94DB75806}.Release|Any CPU.Build.0 = Release|Any CPU
		{BED90047-636C-4551-8D80-2E6F80FC2D53}.Debug|Any CPU.ActiveCfg = Debug|Any CPU
		{BED90047-636C-4551-8D80-2E6F80FC2D53}.Debug|Any CPU.Build.0 = Debug|Any CPU
		{BED90047-636C-4551-8D80-2E6F80FC2D53}.Release|Any CPU.ActiveCfg = Release|Any CPU
		{BED90047-636C-4551-8D80-2E6F80FC2D53}.Release|Any CPU.Build.0 = Release|Any CPU
	EndGlobalSection
	GlobalSection(SolutionProperties) = preSolution
		HideSolutionNode = FALSE
	EndGlobalSection
	GlobalSection(ExtensibilityGlobals) = postSolution
		SolutionGuid = {A106B4FB-B75F-4F82-85BD-088F9C28A727}
	EndGlobalSection
EndGlobal
